
Microsoft Visual Studio Solution File, Format Version 12.00
# Visual Studio Version 16
VisualStudioVersion = 16.0.30804.86
MinimumVisualStudioVersion = 10.0.40219.1
Project("{8BC9CEB8-8B4A-11D0-8D11-00A0C91BC942}") = "WindowsAPIDemos", "WindowsAPIDemos\WindowsAPIDemos.vcxproj", "{55E795EE-D489-40AC-9BAB-BDAA6A8047C6}"
EndProject
Project("{8BC9CEB8-8B4A-11D0-8D11-00A0C91BC942}") = "WinVersion", "WinVersion\WinVersion.vcxproj", "{92548D55-20FE-429E-B939-2213BA119EB7}"
EndProject
Project("{8BC9CEB8-8B4A-11D0-8D11-00A0C91BC942}") = "Handles", "Handles\Handles.vcxproj", "{77C3CAC8-EE7D-4D0F-8B97-4B36B8E19C0E}"
EndProject
Project("{8BC9CEB8-8B4A-11D0-8D11-00A0C91BC942}") = "SingleInstance", "SingleInstance\SingleInstance.vcxproj", "{6407E8C5-8694-4240-8FD0-B20BDD1907F3}"
EndProject
Project("{8BC9CEB8-8B4A-11D0-8D11-00A0C91BC942}") = "BasicSharing", "BasicSharing\BasicSharing.vcxproj", "{85101197-2472-4462-B024-7E2192C75EE6}"
EndProject
Project("{8BC9CEB8-8B4A-11D0-8D11-00A0C91BC942}") = "PrivateSharing", "PrivateSharing\PrivateSharing.vcxproj", "{608F8DCD-CF40-4DBA-AD4E-157F904F5004}"
EndProject
Project("{8BC9CEB8-8B4A-11D0-8D11-00A0C91BC942}") = "EnumToolHelp", "EnumToolHelp\EnumToolHelp.vcxproj", "{4A7B4CBF-100F-4982-B2A8-13F12B07F4FA}"
EndProject
Project("{8BC9CEB8-8B4A-11D0-8D11-00A0C91BC942}") = "WTSEnum", "WTSEnum\WTSEnum.vcxproj", "{53FDB11C-C326-4CD3-8FD0-D9EB9F0E8030}"
EndProject
Project("{8BC9CEB8-8B4A-11D0-8D11-00A0C91BC942}") = "ProcEnum", "ProcEnum\ProcEnum.vcxproj", "{A01B2DAC-5847-4C17-B92A-99D9066AC74B}"
EndProject
Project("{8BC9CEB8-8B4A-11D0-8D11-00A0C91BC942}") = "RemoteThread", "RemoteThread\RemoteThread.vcxproj", "{8C12293A-2138-4007-93CD-74A00E979C65}"
EndProject
Project("{8BC9CEB8-8B4A-11D0-8D11-00A0C91BC942}") = "injected", "injected\injected.vcxproj", "{030728A3-E0C7-4D21-ACE1-8C211036DA4E}"
EndProject
Project("{8BC9CEB8-8B4A-11D0-8D11-00A0C91BC942}") = "APCInject", "APCInject\APCInject.vcxproj", "{DFEDAF0D-F033-46B4-828B-800EBB3F1124}"
EndProject
Global
	GlobalSection(SolutionConfigurationPlatforms) = preSolution
		Debug|Any CPU = Debug|Any CPU
		Debug|x64 = Debug|x64
		Debug|x86 = Debug|x86
		Release|Any CPU = Release|Any CPU
		Release|x64 = Release|x64
		Release|x86 = Release|x86
	EndGlobalSection
	GlobalSection(ProjectConfigurationPlatforms) = postSolution
		{55E795EE-D489-40AC-9BAB-BDAA6A8047C6}.Debug|Any CPU.ActiveCfg = Debug|Win32
		{55E795EE-D489-40AC-9BAB-BDAA6A8047C6}.Debug|x64.ActiveCfg = Debug|x64
		{55E795EE-D489-40AC-9BAB-BDAA6A8047C6}.Debug|x64.Build.0 = Debug|x64
		{55E795EE-D489-40AC-9BAB-BDAA6A8047C6}.Debug|x86.ActiveCfg = Debug|Win32
		{55E795EE-D489-40AC-9BAB-BDAA6A8047C6}.Debug|x86.Build.0 = Debug|Win32
		{55E795EE-D489-40AC-9BAB-BDAA6A8047C6}.Release|Any CPU.ActiveCfg = Release|Win32
		{55E795EE-D489-40AC-9BAB-BDAA6A8047C6}.Release|x64.ActiveCfg = Release|x64
		{55E795EE-D489-40AC-9BAB-BDAA6A8047C6}.Release|x64.Build.0 = Release|x64
		{55E795EE-D489-40AC-9BAB-BDAA6A8047C6}.Release|x86.ActiveCfg = Release|Win32
		{55E795EE-D489-40AC-9BAB-BDAA6A8047C6}.Release|x86.Build.0 = Release|Win32
		{92548D55-20FE-429E-B939-2213BA119EB7}.Debug|Any CPU.ActiveCfg = Debug|Win32
		{92548D55-20FE-429E-B939-2213BA119EB7}.Debug|x64.ActiveCfg = Debug|x64
		{92548D55-20FE-429E-B939-2213BA119EB7}.Debug|x64.Build.0 = Debug|x64
		{92548D55-20FE-429E-B939-2213BA119EB7}.Debug|x86.ActiveCfg = Debug|Win32
		{92548D55-20FE-429E-B939-2213BA119EB7}.Debug|x86.Build.0 = Debug|Win32
		{92548D55-20FE-429E-B939-2213BA119EB7}.Release|Any CPU.ActiveCfg = Release|Win32
		{92548D55-20FE-429E-B939-2213BA119EB7}.Release|x64.ActiveCfg = Release|x64
		{92548D55-20FE-429E-B939-2213BA119EB7}.Release|x64.Build.0 = Release|x64
		{92548D55-20FE-429E-B939-2213BA119EB7}.Release|x86.ActiveCfg = Release|Win32
		{92548D55-20FE-429E-B939-2213BA119EB7}.Release|x86.Build.0 = Release|Win32
		{77C3CAC8-EE7D-4D0F-8B97-4B36B8E19C0E}.Debug|Any CPU.ActiveCfg = Debug|Win32
		{77C3CAC8-EE7D-4D0F-8B97-4B36B8E19C0E}.Debug|x64.ActiveCfg = Debug|x64
		{77C3CAC8-EE7D-4D0F-8B97-4B36B8E19C0E}.Debug|x64.Build.0 = Debug|x64
		{77C3CAC8-EE7D-4D0F-8B97-4B36B8E19C0E}.Debug|x86.ActiveCfg = Debug|Win32
		{77C3CAC8-EE7D-4D0F-8B97-4B36B8E19C0E}.Debug|x86.Build.0 = Debug|Win32
		{77C3CAC8-EE7D-4D0F-8B97-4B36B8E19C0E}.Release|Any CPU.ActiveCfg = Release|Win32
		{77C3CAC8-EE7D-4D0F-8B97-4B36B8E19C0E}.Release|x64.ActiveCfg = Release|x64
		{77C3CAC8-EE7D-4D0F-8B97-4B36B8E19C0E}.Release|x64.Build.0 = Release|x64
		{77C3CAC8-EE7D-4D0F-8B97-4B36B8E19C0E}.Release|x86.ActiveCfg = Release|Win32
		{77C3CAC8-EE7D-4D0F-8B97-4B36B8E19C0E}.Release|x86.Build.0 = Release|Win32
		{6407E8C5-8694-4240-8FD0-B20BDD1907F3}.Debug|Any CPU.ActiveCfg = Debug|Win32
		{6407E8C5-8694-4240-8FD0-B20BDD1907F3}.Debug|x64.ActiveCfg = Debug|x64
		{6407E8C5-8694-4240-8FD0-B20BDD1907F3}.Debug|x64.Build.0 = Debug|x64
		{6407E8C5-8694-4240-8FD0-B20BDD1907F3}.Debug|x86.ActiveCfg = Debug|Win32
		{6407E8C5-8694-4240-8FD0-B20BDD1907F3}.Debug|x86.Build.0 = Debug|Win32
		{6407E8C5-8694-4240-8FD0-B20BDD1907F3}.Release|Any CPU.ActiveCfg = Release|Win32
		{6407E8C5-8694-4240-8FD0-B20BDD1907F3}.Release|x64.ActiveCfg = Release|x64
		{6407E8C5-8694-4240-8FD0-B20BDD1907F3}.Release|x64.Build.0 = Release|x64
		{6407E8C5-8694-4240-8FD0-B20BDD1907F3}.Release|x86.ActiveCfg = Release|Win32
		{6407E8C5-8694-4240-8FD0-B20BDD1907F3}.Release|x86.Build.0 = Release|Win32
		{85101197-2472-4462-B024-7E2192C75EE6}.Debug|Any CPU.ActiveCfg = Debug|Win32
		{85101197-2472-4462-B024-7E2192C75EE6}.Debug|x64.ActiveCfg = Debug|x64
		{85101197-2472-4462-B024-7E2192C75EE6}.Debug|x64.Build.0 = Debug|x64
		{85101197-2472-4462-B024-7E2192C75EE6}.Debug|x86.ActiveCfg = Debug|Win32
		{85101197-2472-4462-B024-7E2192C75EE6}.Debug|x86.Build.0 = Debug|Win32
		{85101197-2472-4462-B024-7E2192C75EE6}.Release|Any CPU.ActiveCfg = Release|Win32
		{85101197-2472-4462-B024-7E2192C75EE6}.Release|x64.ActiveCfg = Release|x64
		{85101197-2472-4462-B024-7E2192C75EE6}.Release|x64.Build.0 = Release|x64
		{85101197-2472-4462-B024-7E2192C75EE6}.Release|x86.ActiveCfg = Release|Win32
		{85101197-2472-4462-B024-7E2192C75EE6}.Release|x86.Build.0 = Release|Win32
		{608F8DCD-CF40-4DBA-AD4E-157F904F5004}.Debug|Any CPU.ActiveCfg = Debug|Win32
		{608F8DCD-CF40-4DBA-AD4E-157F904F5004}.Debug|x64.ActiveCfg = Debug|x64
		{608F8DCD-CF40-4DBA-AD4E-157F904F5004}.Debug|x64.Build.0 = Debug|x64
		{608F8DCD-CF40-4DBA-AD4E-157F904F5004}.Debug|x86.ActiveCfg = Debug|Win32
		{608F8DCD-CF40-4DBA-AD4E-157F904F5004}.Debug|x86.Build.0 = Debug|Win32
		{608F8DCD-CF40-4DBA-AD4E-157F904F5004}.Release|Any CPU.ActiveCfg = Release|Win32
		{608F8DCD-CF40-4DBA-AD4E-157F904F5004}.Release|x64.ActiveCfg = Release|x64
		{608F8DCD-CF40-4DBA-AD4E-157F904F5004}.Release|x64.Build.0 = Release|x64
		{608F8DCD-CF40-4DBA-AD4E-157F904F5004}.Release|x86.ActiveCfg = Release|Win32
		{608F8DCD-CF40-4DBA-AD4E-157F904F5004}.Release|x86.Build.0 = Release|Win32
		{4A7B4CBF-100F-4982-B2A8-13F12B07F4FA}.Debug|Any CPU.ActiveCfg = Debug|Win32
		{4A7B4CBF-100F-4982-B2A8-13F12B07F4FA}.Debug|x64.ActiveCfg = Debug|x64
		{4A7B4CBF-100F-4982-B2A8-13F12B07F4FA}.Debug|x64.Build.0 = Debug|x64
		{4A7B4CBF-100F-4982-B2A8-13F12B07F4FA}.Debug|x86.ActiveCfg = Debug|Win32
		{4A7B4CBF-100F-4982-B2A8-13F12B07F4FA}.Debug|x86.Build.0 = Debug|Win32
		{4A7B4CBF-100F-4982-B2A8-13F12B07F4FA}.Release|Any CPU.ActiveCfg = Release|Win32
		{4A7B4CBF-100F-4982-B2A8-13F12B07F4FA}.Release|x64.ActiveCfg = Release|x64
		{4A7B4CBF-100F-4982-B2A8-13F12B07F4FA}.Release|x64.Build.0 = Release|x64
		{4A7B4CBF-100F-4982-B2A8-13F12B07F4FA}.Release|x86.ActiveCfg = Release|Win32
		{4A7B4CBF-100F-4982-B2A8-13F12B07F4FA}.Release|x86.Build.0 = Release|Win32
		{53FDB11C-C326-4CD3-8FD0-D9EB9F0E8030}.Debug|Any CPU.ActiveCfg = Debug|Win32
		{53FDB11C-C326-4CD3-8FD0-D9EB9F0E8030}.Debug|x64.ActiveCfg = Debug|x64
		{53FDB11C-C326-4CD3-8FD0-D9EB9F0E8030}.Debug|x64.Build.0 = Debug|x64
		{53FDB11C-C326-4CD3-8FD0-D9EB9F0E8030}.Debug|x86.ActiveCfg = Debug|Win32
		{53FDB11C-C326-4CD3-8FD0-D9EB9F0E8030}.Debug|x86.Build.0 = Debug|Win32
		{53FDB11C-C326-4CD3-8FD0-D9EB9F0E8030}.Release|Any CPU.ActiveCfg = Release|Win32
		{53FDB11C-C326-4CD3-8FD0-D9EB9F0E8030}.Release|x64.ActiveCfg = Release|x64
		{53FDB11C-C326-4CD3-8FD0-D9EB9F0E8030}.Release|x64.Build.0 = Release|x64
		{53FDB11C-C326-4CD3-8FD0-D9EB9F0E8030}.Release|x86.ActiveCfg = Release|Win32
		{53FDB11C-C326-4CD3-8FD0-D9EB9F0E8030}.Release|x86.Build.0 = Release|Win32
		{A01B2DAC-5847-4C17-B92A-99D9066AC74B}.Debug|Any CPU.ActiveCfg = Debug|Win32
		{A01B2DAC-5847-4C17-B92A-99D9066AC74B}.Debug|x64.ActiveCfg = Debug|x64
		{A01B2DAC-5847-4C17-B92A-99D9066AC74B}.Debug|x64.Build.0 = Debug|x64
		{A01B2DAC-5847-4C17-B92A-99D9066AC74B}.Debug|x86.ActiveCfg = Debug|Win32
		{A01B2DAC-5847-4C17-B92A-99D9066AC74B}.Debug|x86.Build.0 = Debug|Win32
		{A01B2DAC-5847-4C17-B92A-99D9066AC74B}.Release|Any CPU.ActiveCfg = Release|Win32
		{A01B2DAC-5847-4C17-B92A-99D9066AC74B}.Release|x64.ActiveCfg = Release|x64
		{A01B2DAC-5847-4C17-B92A-99D9066AC74B}.Release|x64.Build.0 = Release|x64
		{A01B2DAC-5847-4C17-B92A-99D9066AC74B}.Release|x86.ActiveCfg = Release|Win32
		{A01B2DAC-5847-4C17-B92A-99D9066AC74B}.Release|x86.Build.0 = Release|Win32
		{8C12293A-2138-4007-93CD-74A00E979C65}.Debug|Any CPU.ActiveCfg = Debug|Win32
		{8C12293A-2138-4007-93CD-74A00E979C65}.Debug|x64.ActiveCfg = Debug|x64
		{8C12293A-2138-4007-93CD-74A00E979C65}.Debug|x64.Build.0 = Debug|x64
		{8C12293A-2138-4007-93CD-74A00E979C65}.Debug|x86.ActiveCfg = Debug|Win32
		{8C12293A-2138-4007-93CD-74A00E979C65}.Debug|x86.Build.0 = Debug|Win32
		{8C12293A-2138-4007-93CD-74A00E979C65}.Release|Any CPU.ActiveCfg = Release|Win32
		{8C12293A-2138-4007-93CD-74A00E979C65}.Release|x64.ActiveCfg = Release|x64
		{8C12293A-2138-4007-93CD-74A00E979C65}.Release|x64.Build.0 = Release|x64
		{8C12293A-2138-4007-93CD-74A00E979C65}.Release|x86.ActiveCfg = Release|Win32
		{8C12293A-2138-4007-93CD-74A00E979C65}.Release|x86.Build.0 = Release|Win32
		{030728A3-E0C7-4D21-ACE1-8C211036DA4E}.Debug|Any CPU.ActiveCfg = Debug|Win32
		{030728A3-E0C7-4D21-ACE1-8C211036DA4E}.Debug|x64.ActiveCfg = Debug|x64
		{030728A3-E0C7-4D21-ACE1-8C211036DA4E}.Debug|x64.Build.0 = Debug|x64
		{030728A3-E0C7-4D21-ACE1-8C211036DA4E}.Debug|x86.ActiveCfg = Debug|Win32
		{030728A3-E0C7-4D21-ACE1-8C211036DA4E}.Debug|x86.Build.0 = Debug|Win32
		{030728A3-E0C7-4D21-ACE1-8C211036DA4E}.Release|Any CPU.ActiveCfg = Release|Win32
		{030728A3-E0C7-4D21-ACE1-8C211036DA4E}.Release|x64.ActiveCfg = Release|x64
		{030728A3-E0C7-4D21-ACE1-8C211036DA4E}.Release|x64.Build.0 = Release|x64
		{030728A3-E0C7-4D21-ACE1-8C211036DA4E}.Release|x86.ActiveCfg = Release|Win32
		{030728A3-E0C7-4D21-ACE1-8C211036DA4E}.Release|x86.Build.0 = Release|Win32
		{DFEDAF0D-F033-46B4-828B-800EBB3F1124}.Debug|Any CPU.ActiveCfg = Debug|Win32
		{DFEDAF0D-F033-46B4-828B-800EBB3F1124}.Debug|x64.ActiveCfg = Debug|x64
		{DFEDAF0D-F033-46B4-828B-800EBB3F1124}.Debug|x64.Build.0 = Debug|x64
		{DFEDAF0D-F033-46B4-828B-800EBB3F1124}.Debug|x86.ActiveCfg = Debug|Win32
		{DFEDAF0D-F033-46B4-828B-800EBB3F1124}.Debug|x86.Build.0 = Debug|Win32
		{DFEDAF0D-F033-46B4-828B-800EBB3F1124}.Release|Any CPU.ActiveCfg = Release|Win32
		{DFEDAF0D-F033-46B4-828B-800EBB3F1124}.Release|x64.ActiveCfg = Release|x64
		{DFEDAF0D-F033-46B4-828B-800EBB3F1124}.Release|x64.Build.0 = Release|x64
		{DFEDAF0D-F033-46B4-828B-800EBB3F1124}.Release|x86.ActiveCfg = Release|Win32
		{DFEDAF0D-F033-46B4-828B-800EBB3F1124}.Release|x86.Build.0 = Release|Win32
	EndGlobalSection
	GlobalSection(SolutionProperties) = preSolution
		HideSolutionNode = FALSE
	EndGlobalSection
	GlobalSection(ExtensibilityGlobals) = postSolution
		SolutionGuid = {92794BFF-E567-4C0B-8742-D57F9B5EA61A}
	EndGlobalSection
EndGlobal
